Microsoft Visual Studio Solution File, Format Version 8.00
Project("{8BC9CEB8-8B4A-11D0-8D11-00A0C91BC942}") = "tp1", "tp1.vcproj", "{BEB7FB8F-F261-4D9C-B27F-A0A10E183205}"
	ProjectSection(ProjectDependencies) = postProject
	EndProjectSection
EndProject
Global
	GlobalSection(SolutionConfiguration) = preSolution
		Debug = Debug
		Release = Release
	EndGlobalSection
	GlobalSection(ProjectConfiguration) = postSolution
		{BEB7FB8F-F261-4D9C-B27F-A0A10E183205}.Debug.ActiveCfg = Debug|Win32
		{BEB7FB8F-F261-4D9C-B27F-A0A10E183205}.Debug.Build.0 = Debug|Win32
		{BEB7FB8F-F261-4D9C-B27F-A0A10E183205}.Release.ActiveCfg = Release|Win32
		{BEB7FB8F-F261-4D9C-B27F-A0A10E183205}.Release.Build.0 = Release|Win32
	EndGlobalSection
	GlobalSection(ExtensibilityGlobals) = postSolution
	EndGlobalSection
	GlobalSection(ExtensibilityAddIns) = postSolution
	EndGlobalSection
EndGlobal
